
Microsoft Visual Studio Solution File, Format Version 12.00
# Visual Studio 2012
Project("{FAE04EC0-301F-11D3-BF4B-00C04F79EFBC}") = "iSynaptic.Core.UnitTests", "src\iSynaptic.Core.UnitTests\iSynaptic.Core.UnitTests.csproj", "{31B46ABA-DA7D-46F5-A71B-983183B8FD59}"
EndProject
Project("{FAE04EC0-301F-11D3-BF4B-00C04F79EFBC}") = "iSynaptic.Core", "src\iSynaptic.Core\iSynaptic.Core.csproj", "{E249B9CC-0867-4BC2-AF95-AAC079C696B2}"
EndProject
Project("{2150E333-8FDC-42A3-9474-1A3956D46DE8}") = "Solution Items", "Solution Items", "{98D0CEF3-3E43-4E74-9618-17ADCCA2847F}"
	ProjectSection(SolutionItems) = preProject
		CommonAssemblyInfo.cs = CommonAssemblyInfo.cs
		iSynaptic.Core.CodeGeneration.nuspec = iSynaptic.Core.CodeGeneration.nuspec
		iSynaptic.Core.nuspec = iSynaptic.Core.nuspec
		iSynaptic.Core.Persistence.nuspec = iSynaptic.Core.Persistence.nuspec
		iSynaptic.Core.ReleaseNotes.txt = iSynaptic.Core.ReleaseNotes.txt
		iSynaptic.Core.Serialization.nuspec = iSynaptic.Core.Serialization.nuspec
		LICENSE = LICENSE
		README = README
		Work Items.txt = Work Items.txt
	EndProjectSection
EndProject
Project("{FAE04EC0-301F-11D3-BF4B-00C04F79EFBC}") = "iSynaptic.Core.Serialization", "src\iSynaptic.Core.Serialization\iSynaptic.Core.Serialization.csproj", "{C38A9D4E-653E-4F4A-9CDA-3C4EC03B58F5}"
EndProject
Project("{FAE04EC0-301F-11D3-BF4B-00C04F79EFBC}") = "iSynaptic.Core.CodeGeneration", "src\iSynaptic.Core.CodeGeneration\iSynaptic.Core.CodeGeneration.csproj", "{C43E38C7-BC55-463D-B592-6B35683C1FDD}"
EndProject
Project("{FAE04EC0-301F-11D3-BF4B-00C04F79EFBC}") = "iSynaptic.Core.Persistence", "src\iSynaptic.Core.Persistence\iSynaptic.Core.Persistence.csproj", "{E797416C-5AF9-46F6-B3F2-8393853DC746}"
EndProject
Global
	GlobalSection(SolutionConfigurationPlatforms) = preSolution
		Debug|Any CPU = Debug|Any CPU
		Release|Any CPU = Release|Any CPU
	EndGlobalSection
	GlobalSection(ProjectConfigurationPlatforms) = postSolution
		{31B46ABA-DA7D-46F5-A71B-983183B8FD59}.Debug|Any CPU.ActiveCfg = Debug|Any CPU
		{31B46ABA-DA7D-46F5-A71B-983183B8FD59}.Debug|Any CPU.Build.0 = Debug|Any CPU
		{31B46ABA-DA7D-46F5-A71B-983183B8FD59}.Release|Any CPU.ActiveCfg = Release|Any CPU
		{31B46ABA-DA7D-46F5-A71B-983183B8FD59}.Release|Any CPU.Build.0 = Release|Any CPU
		{E249B9CC-0867-4BC2-AF95-AAC079C696B2}.Debug|Any CPU.ActiveCfg = Debug|Any CPU
		{E249B9CC-0867-4BC2-AF95-AAC079C696B2}.Debug|Any CPU.Build.0 = Debug|Any CPU
		{E249B9CC-0867-4BC2-AF95-AAC079C696B2}.Release|Any CPU.ActiveCfg = Release|Any CPU
		{E249B9CC-0867-4BC2-AF95-AAC079C696B2}.Release|Any CPU.Build.0 = Release|Any CPU
		{C38A9D4E-653E-4F4A-9CDA-3C4EC03B58F5}.Debug|Any CPU.ActiveCfg = Debug|Any CPU
		{C38A9D4E-653E-4F4A-9CDA-3C4EC03B58F5}.Debug|Any CPU.Build.0 = Debug|Any CPU
		{C38A9D4E-653E-4F4A-9CDA-3C4EC03B58F5}.Release|Any CPU.ActiveCfg = Release|Any CPU
		{C38A9D4E-653E-4F4A-9CDA-3C4EC03B58F5}.Release|Any CPU.Build.0 = Release|Any CPU
		{C43E38C7-BC55-463D-B592-6B35683C1FDD}.Debug|Any CPU.ActiveCfg = Debug|Any CPU
		{C43E38C7-BC55-463D-B592-6B35683C1FDD}.Debug|Any CPU.Build.0 = Debug|Any CPU
		{C43E38C7-BC55-463D-B592-6B35683C1FDD}.Release|Any CPU.ActiveCfg = Release|Any CPU
		{C43E38C7-BC55-463D-B592-6B35683C1FDD}.Release|Any CPU.Build.0 = Release|Any CPU
		{E797416C-5AF9-46F6-B3F2-8393853DC746}.Debug|Any CPU.ActiveCfg = Debug|Any CPU
		{E797416C-5AF9-46F6-B3F2-8393853DC746}.Debug|Any CPU.Build.0 = Debug|Any CPU
		{E797416C-5AF9-46F6-B3F2-8393853DC746}.Release|Any CPU.ActiveCfg = Release|Any CPU
		{E797416C-5AF9-46F6-B3F2-8393853DC746}.Release|Any CPU.Build.0 = Release|Any CPU
	EndGlobalSection
	GlobalSection(SolutionProperties) = preSolution
		HideSolutionNode = FALSE
	EndGlobalSection
EndGlobal
